#MicroXplorer Configuration settings - do not modify
RCC.HSIDivClkFreq_Value=64000000
DDR_DQ13.Mode=DDR3
PC7.GPIOParameters=GPIO_PuPd
RCC.USART1Freq_Value=64000000
PH0-OSC_IN.Signal=RCC_OSC_IN
DDR_DQ3.Mode=DDR3
DDR.tccd=0
VP_DDR_DDR3.Signal=DDR_DDR3
PG8.Signal=S_TIM2_CH1
DSIHOST_D0N.Mode=DSIHost_Video
PG8.Locked=true
RCC.VCOInput4Freq_Value=16000000
DDR.t_rcd=6
DSIHOST_D1P.Mode=DSIHost_Video
VP_RTC_VS_RTC_Activate.Mode=RTC_Enabled
DDR_CASN.Mode=DDR3
RCC.RTCFreq_Value=32000
DDR_ODT.Signal=DDR_ODT
RCC.PLLDSIFreq_Value=504000000
PC5.Mode=RMII (Reduced MII)
DDR_RESETN.Mode=DDR3
RCC.SPI23Freq_Value=100000000
DDR.DDR_Frequency=533.0
PZ4.Locked=true
PG6.Mode=mmc_8_bits_Wide_bus
PG13.Signal=ETH1_TXD0
RCC.I2C12Freq_Value=64000000
DDR_DQS0P.Mode=DDR3
PinOutPanel.RotationAngle=0
RCC.MCO1PinFreq_Value=64000000
DDR.trc=21
RCC.LPTIM1Freq_Value=64000000
GIC.LTDC_IRQn=true\:false\:High level
NVIC.SVCall_IRQn=true\:1\:0\:false\:false\:true\:false\:false
DSIHOST_D0P.Signal=DSIHOST_D0P
DDR_DTO1.Mode=DDR3
DDR_A3.Mode=DDR3
DDR.trcd=6
GIC.IPCC_RX0_IRQn=true\:false\:High level
VP_IWDG2_VS_IWDG.Signal=IWDG2_VS_IWDG
DDR.trp=6
NVIC.IPCC_RX1_IRQn=true\:1\:0\:false\:false\:true\:true\:true
RCC.PLL4FRACV=0
DDR_A11.Mode=DDR3
TIM2.IPParameters=Channel-PWM Generation1 CH1
PB6.Signal=UART5_TX
PC7.Signal=SDMMC2_D7
DSIHOST_CKP.Mode=DSIHost_Video
PB6.Mode=Asynchronous
RCC.DIVQ3Freq_Value=25000000
RCC.SAI2Freq_Value=80000000
GIC.GPU_IRQn=true\:false\:High level
PE5.Signal=SDMMC2_D6
DDR_CASN.Signal=DDR_CASN
DDR.tras=15
DDR.t_rd2pre=4
DDR.t_ras_max=27
PZ4.Signal=I2C4_SCL
USB_DM1.Mode=Enable
GIC.I2C4_ER_IRQn=true\:false\:High level
ProjectManager.ProjectBuild=false
TIM4.Channel-PWM\ Generation3\ CH3=TIM_CHANNEL_3
NVIC.UsageFault_IRQn=true\:1\:0\:false\:false\:true\:false\:false
DDR_ODT.Mode=DDR3
PB3.Mode=mmc_8_bits_Wide_bus
PB2.Signal=UART4_RX
GIC.OTG_IRQn=true\:false\:High level
DDR_BA0.Mode=DDR3
RCC.DIVM2=4
RCC.APB5DIVClockFreq_Value=64000000
DDR_DQ6.Signal=DDR_DQ6
VP_BSEC_VS_BSEC.Mode=BSEC_Activate
DDR_DQ1.Signal=DDR_DQ1
PG14.Mode=RMII (Reduced MII)
RCC.DIVM4=4
ProjectManager.FirmwarePackage=STM32Cube FW_MP1 V1.4.0
MxDb.Version=DB.6.0.21
DDR_A6.Mode=DDR3
PG6.GPIO_PuPd=GPIO_PULLUP
RCC.AXIDIVFreq_Value=64000000
ProjectManager.BackupPrevious=false
DDR_A10.Signal=DDR_A10
RCC.FMCFreq_Value=64000000
DSIHOST_D1N.Signal=DSIHOST_D1N
GIC.DTS_IRQn=true\:false\:High level
BootLoader.IPs=DDR\:I,RCC,I2C6,I2C4,UART4,USB_OTG_HS,SDMMC2,CRYP1,HASH1
PB14.Mode=mmc_8_bits_Wide_bus
DDR_A7.Mode=DDR3
PA0.Mode=WakeUp1
GIC.USBH_OHCI_IRQn=true\:false\:High level
DDR.t_xp=10
VP_ETZPC_VS_ETZPC.Signal=ETZPC_VS_ETZPC
PA8.Signal=SDMMC2_D4
DDR.tmrd=0
NVIC.PendSV_IRQn=true\:1\:0\:false\:false\:true\:false\:false
DDR.RELAXED_TIMING_MODE=false
USB_OTG_HS.IPParameters=VirtualMode
RCC.DIVR2Freq_Value=533000000
GIC.I2C6_EV_IRQn=true\:false\:High level
ProjectManager.HalAssertFull=false
RCC.DIVP2Freq_Value=266500000
PA0.Signal=PWR_WKUP1
RCC.MCO2PinFreq_Value=64000000
PB9.Signal=SDMMC2_D5
Mcu.Package=TFBGA361
PB14.GPIO_PuPd=GPIO_PULLUP
RCC.LPTIM23Freq_Value=64000000
DDR_RASN.Signal=DDR_RASN
DDR_DQ10.Signal=DDR_DQ10
PD11.Locked=true
JTMS-SWDIO.Mode=JTAG_5_pins
DDR_CLKN.Mode=DDR3
PD12.Signal=LPTIM2_IN1
DDR_A1.Signal=DDR_A1
DDR_A6.Signal=DDR_A6
VP_DTS_VS_DTS.Signal=DTS_VS_DTS
VP_SYS_VS_Systick.Signal=SYS_VS_Systick
DDR_A9.Signal=DDR_A9
PB9.GPIO_PuPd=GPIO_PULLUP
DDR.MSTR=0x00041401
RCC.DFSDMFreq_Value=64000000
Mcu.Context4=CortexM4
PB14.GPIOParameters=GPIO_PuPd
Mcu.Context2=CortexA7S
Mcu.Context3=CortexA7NS
Mcu.Context0=BootROM
Mcu.Context1=BootLoader
DDR.t_xs_x32=5
VP_HSEM_VS_HSEM.Mode=HSEM_Activate
RCC.APB4Freq_Value=64000000
RCC.CECFreq_Value=32786.88524590164
RCC.DSI_VALUE=63000000
NVIC.BusFault_IRQn=true\:1\:0\:false\:false\:true\:false\:false
DDR_DQM1.Mode=DDR3
DDR.t_rfc_min=104
DDR.wr2rd=14
ProjectManager.CustomerFirmwarePackage=
DDR_ZQ.Signal=DDR_ZQ
GIC.UART7_IRQn=true\:false\:High level
DDR_DQ9.Signal=DDR_DQ9
PC4.Mode=RMII (Reduced MII)
RCC.VCO3OutputFreq_Value=50000000
DDR_DQS1N.Signal=DDR_DQS1N
BootROM.IPs=RCC\:I,UART4,USB_OTG_HS,SDMMC2
RCC.DIVQ4=5
Mcu.Pin80=PD12
Mcu.Pin81=DDR_ATO
DDR.tmod=0
ProjectManager.ProjectFileName=v510-dsi-emmc.ioc
RCC.DIVQ2=1
CortexA7NS.IPs=IWDG2\:I,BSEC,DDR,DMA\:I,ETZPC,GIC,HSEM,PWR,RCC,RTC,TAMP,CRC1\:I,RNG1,GPU\:I,LTDC\:I,I2C6\:I,I2C4\:I,ETH1\:I,UART4\:I,TIM3\:I,TIM2\:I,TIM4\:I,LPTIM2\:I,UART5\:I,UART7\:I,IPCC\:I,USB_OTG_HS\:I,USBH_HS1\:I,DEBUG\:I,TIM13\:I,DTS\:I,VREFBUF\:I,SDMMC2\:I,CRYP1\:I,HASH1\:I,DSIHOST\:I,DMA1\:I,MDMA_A7NS\:I
DDR_A0.Mode=DDR3
Mcu.Pin79=PB2
Mcu.PinsNb=130
RCC.USART35Freq_Value=64000000
Mcu.Pin73=DDR_DQ11
Mcu.Pin74=DDR_DQ14
GIC.UART5_IRQn=true\:false\:High level
RCC.UART78Freq_Value=64000000
Mcu.Pin71=DDR_DQM1
Mcu.Pin72=DDR_A6
VP_DMA_VS_DMA2_M4.Mode=CortexM4
DDR_CSN.Signal=DDR_CSN
Mcu.Pin77=PB5
RCC.DDRPHYFreq_Value=533000000
Mcu.Pin78=PB6
Mcu.Pin75=DDR_DQ12
Mcu.Pin76=PG11
DDR_DTO0.Mode=DDR3
DDR_CLKN.Signal=DDR_CLKN
RCC.DIVP4=4
Mcu.Pin70=DDR_A4
DDR.t_rp=6
RCC.AXICLKFreq_VALUE=64000000
VP_DTS_VS_DTS.Mode=DTS_Activate
Mcu.Pin68=DDR_DQS1P
Mcu.Pin69=DDR_DQS1N
DDR_DQM0.Mode=DDR3
PC14-OSC32_IN.Signal=RCC_OSC32_IN
GIC.I2C4_EV_IRQn=true\:false\:High level
RCC.QSPIFreq_Value=64000000
Mcu.Pin62=DDR_CKE
Mcu.Pin63=DDR_DQ8
Mcu.Pin60=DDR_A14
Mcu.Pin61=DDR_A10
Mcu.Pin66=DDR_BA1
Mcu.Pin67=DDR_DQ9
Mcu.Pin64=DDR_DQ10
Mcu.Pin65=DDR_DQ13
DDR.ADDRMAP5=0x06060606
GIC.SDMMC2_IRQn=true\:false\:High level
DDR.ADDRMAP6=0x0F060606
DDR.t_ras_min=15
DDR_A3.Signal=DDR_A3
DDR_DQ11.Signal=DDR_DQ11
DDR.ADDRMAP3=0x1F000000
DDR_DQ6.Mode=DDR3
DDR_DQS1N.Mode=DDR3
DDR.ADDRMAP1=0x00070707
PE8.Mode=Asynchronous
DDR_DQS0N.Signal=DDR_DQS0N
DDR_A7.Signal=DDR_A7
DDR_WEN.Mode=DDR3
DDR_DQ10.Mode=DDR3
PA11.Locked=true
RCC.Tim1OutputFreq_Value=64000000
Mcu.Pin59=DDR_A11
Mcu.Pin57=DDR_A1
DDR.MR2.RTT=1
Mcu.Pin58=DDR_A12
VP_OPENAMP_VS_OPENAMP.Signal=OPENAMP_VS_OPENAMP
PB11.Mode=RMII (Reduced MII)
GIC.HASH1_IRQn=true\:false\:High level
TIM13.Channel=TIM_CHANNEL_1
TIM4.IPParameters=Channel-PWM Generation3 CH3
Mcu.Pin51=DDR_CSN
VP_CRYP1_VS_CRYP.Mode=CRYP_Activate
RCC.USART6Freq_Value=64000000
Mcu.Pin52=DDR_CASN
Mcu.Pin50=DDR_BA2
RCC.PLLDSIVCOFreq_Value=1008000000
Mcu.Pin55=DDR_CLKN
DDR.t_cke=3
Mcu.Pin56=PH0-OSC_IN
DDR.MR2.CWL=0
Mcu.Pin53=DDR_RASN
Mcu.Pin54=DDR_CLKP
RCC.CECCLockSelection=RCC_CECCLKSOURCE_CSI122
RCC.DIVN2=33
PB9.Locked=true
DDR.tfaw=20
PB4.GPIO_PuPd=GPIO_PULLUP
PC7.GPIO_PuPd=GPIO_PULLUP
RCC.SDMMC12Freq_Value=64000000
Mcu.Pin48=DDR_BA0
Mcu.Pin49=DDR_WEN
Mcu.Pin46=DDR_DTO1
Mcu.Pin47=DDR_ODT
TIM13.IPParameters=Channel
PG6.GPIOParameters=GPIO_PuPd
PB14.Signal=SDMMC2_D0
Mcu.Pin40=DDR_DTO0
Mcu.Pin41=DDR_A3
RCC.RNG1Freq_Value=4000000
Mcu.Pin44=PC14-OSC32_IN
Mcu.Pin45=DDR_A0
Mcu.Pin42=DDR_ZQ
Mcu.Pin43=PC15-OSC32_OUT
VP_LTDC_DSIMode.Signal=LTDC_DSIMode
ProjectManager.LastFirmware=true
DDR_DQS1P.Signal=DDR_DQS1P
Mcu.Pin116=VP_GPU_VS_GPU
Mcu.Pin117=VP_HASH1_VS_HASH
DDR_DQ5.Signal=DDR_DQ5
Mcu.Pin118=VP_HSEM_VS_HSEM
Mcu.Pin119=VP_IPCC_VS_IPCC
DDR_BA1.Mode=DDR3
DDR_A11.Signal=DDR_A11
PA1.Mode=ETH Ref Clock Input
Mcu.Pin37=DDR_A2
DDR_DQS1P.Mode=DDR3
Mcu.Pin38=DDR_DQ4
Mcu.Pin35=DDR_DQ6
DDR.tdllk=512
Mcu.Pin36=DDR_DQM0
PE8.Signal=UART7_TX
Mcu.Pin39=DDR_DQ5
DDR.data_bus_width=1
Mcu.Pin112=VP_DDR_DDR_16_bits
Mcu.Pin30=DDR_DQS0P
Mcu.Pin113=VP_DDR_DDR3_16_4Gb
Mcu.Pin114=VP_DTS_VS_DTS
DDR_A14.Mode=4Gb_16bits
Mcu.Pin115=VP_ETZPC_VS_ETZPC
Mcu.Pin33=DDR_A5
TIM3.IPParameters=Channel-PWM Generation1 CH1
Mcu.Pin34=DDR_DQ2
PE3.GPIO_PuPd=GPIO_PULLUP
Mcu.Pin31=DDR_DQS0N
Mcu.Pin110=VP_CRYP1_VS_CRYP
DDR.tdlllock=2048
Mcu.Pin32=PZ5
Mcu.Pin111=VP_DDR_DDR3
DDR.tdllsrst=20
NVIC.NonMaskableInt_IRQn=true\:0\:0\:false\:false\:true\:false\:false
RCC.SAI4Freq_Value=80000000
RCC.CKPERCLKFreq_VALUE=64000000
Mcu.Pin127=VP_DMA_VS_DMA1_A7NS
Mcu.Pin128=VP_DMA_VS_DMA2_M4
RCC.DACCLKFreq_VALUE=32000
JTDO-TRACESWO.Mode=JTAG_5_pins
Mcu.Pin129=VP_MDMA_VS_MDMA_A7NS_8
ProjectManager.FreePins=false
VP_DMA_VS_DMA1_A7NS.Mode=CortexA7NS
VP_RNG1_VS_RNG.Mode=RNG_Activate
Mcu.Pin26=DDR_DQ1
Mcu.Pin27=PZ4
Mcu.Pin24=DDR_DQ0
ProjectManager.UnderRoot=true
Mcu.Pin25=DDR_A13
DDR.trtp=4
Mcu.Pin28=DDR_A9
DDR_DQ0.Signal=DDR_DQ0
Mcu.Pin29=DDR_DQ7
Mcu.Pin123=VP_RNG1_VS_RNG
Mcu.Pin124=VP_RTC_VS_RTC_Activate
Mcu.Pin125=VP_SYS_VS_Systick
Mcu.Pin126=VP_TAMP_VS_TAMP_Activate
PB5.Signal=UART5_RX
Mcu.Pin22=DDR_A7
Mcu.Pin23=DDR_DQ3
Mcu.Pin120=VP_IWDG2_VS_IWDG
Mcu.Pin20=JTMS-SWDIO
Mcu.Pin121=VP_LTDC_DSIMode
Mcu.Pin21=DDR_RESETN
DDR_A5.Mode=DDR3
PD12.Mode=Encoder_mode_occur1
Mcu.Pin122=VP_OPENAMP_VS_OPENAMP
NVIC.ForceEnableDMAVector=true
DDR.addrmap_col_b10=31
DDR.addrmap_col_b11=31
USB_DM2.Mode=External_Phy_Host
PD11.Signal=LPTIM2_IN2
VP_MDMA_VS_MDMA_A7NS_8.Signal=MDMA_VS_MDMA_A7NS_8
RCC.SAI3Freq_Value=80000000
NVIC.MemoryManagement_IRQn=true\:1\:0\:false\:false\:true\:false\:false
ProjectManager.CompilerOptimize=6
DDR_A2.Signal=DDR_A2
PG11.Mode=Asynchronous
DDR_ATO.Mode=DDR3
PA11.Signal=I2C6_SCL
ProjectManager.HeapSize=0x200
Mcu.Pin15=JTCK-SWCLK
NVIC.HardFault_IRQn=true\:0\:0\:false\:false\:true\:false\:false
Mcu.Pin16=PE3
Mcu.Pin13=DSIHOST_D1P
Mcu.Pin14=NJTRST
Mcu.Pin19=DSIHOST_D0P
GIC.RCC_IRQn=true\:false\:High level
SH.S_TIM3_CH1.ConfNb=1
RCC.STGENFreq_Value=64000000
ProjectManager.ComputerToolchain=false
Mcu.Pin17=PE5
RCC.RNG2Freq_Value=4000000
Mcu.Pin18=PB14
RCC.LTDCFreq_Value=80000000
NVIC.PriorityGroup=NVIC_PRIORITYGROUP_4
DDR.t_rc=21
Mcu.Pin11=DSIHOST_D0N
Mcu.Pin12=DSIHOST_CKP
Mcu.Pin10=PB4
Mcu.Pin109=VP_CRC1_VS_CRC
DDR_VREF.Signal=DDR_VREF
PE3.Signal=SDMMC2_CK
Mcu.Pin105=USB_DP2
PA8.Mode=mmc_8_bits_Wide_bus
Mcu.Pin106=USB_DP1
Mcu.Pin107=DDR_VREF
RCC.PLL4PDSIFreq_Value=100000000
Mcu.Pin108=VP_BSEC_VS_BSEC
DDR_DQ15.Mode=DDR3
USB_DP2.Signal=USB_OTG_HS_DP
DDR_DQ8.Mode=DDR3
VP_DMA_VS_DMA1_A7NS.Signal=DMA_VS_DMA1_A7NS
RCC.DIVR4=1
RCC.DIVR2=1
Mcu.ContextNb=5
PC1.Signal=ETH1_MDC
Mcu.Pin101=PA6
Mcu.Pin102=PD11
RCC.DIVP4Freq_Value=100000000
PC1.Mode=RMII (Reduced MII)
Mcu.Pin103=PF8
Mcu.Pin104=PE8
Mcu.Pin100=PC4
Mcu.Family=STM32MP1
RCC.DIVQ2Freq_Value=533000000
ProjectManager.MainLocation=Core/Src
VP_DMA_VS_DMA2_M4.Signal=DMA_VS_DMA2_M4
DDR.DFITMG0=0x02060105
DDR_A1.Mode=DDR3
PZ5.Mode=I2C
RCC.SAI1Freq_Value=80000000
RCC.CortexFreq_Value=64000000
DDR_CLKP.Mode=DDR3
PG6.Signal=SDMMC2_CMD
ProjectManager.KeepUserCode=true
Mcu.UserName=STM32MP157CACx
RCC.SPI1Freq_Value=100000000
DDR.addrmap_col_b9=31
DDR.dfi_t_rddata_en=4
NJTRST.Signal=DEBUG_JTRST
DDR_DQM1.Signal=DDR_DQM1
DDR.addrmap_row_b2_10=6
ProjectManager.functionlistsort=1-MX_GPIO_Init-GPIO-false-HAL-true,2-SystemClock_Config-RCC-false-HAL-false,3-MX_ETZPC_Init-ETZPC-false-HAL-true,4-MX_IPCC_Init-IPCC-false-HAL-true,5-MX_OPENAMP_Init-OPENAMP-false-HAL-false,0-MX_PWR_Init-PWR-false-HAL-true
RCC.PLL2FRACV=2560
PA11.Mode=I2C
DDR_BA1.Signal=DDR_BA1
RCC.VCO2OutputFreq_Value=1066000000
USB_DP2.Mode=External_Phy_Host
PB11.Signal=ETH1_TX_EN
DDR_DQ1.Mode=DDR3
PB15.Signal=SDMMC2_D1
VP_HASH1_VS_HASH.Mode=HASH_Activate
DDR.RL=8
GIC.ETH1_IRQn=true\:false\:High level
RCC.USBPHYFreq_Value=24000000
PG11.Signal=UART4_TX
SH.S_TIM13_CH1.0=TIM13_CH1,PWM Generation1 CH1
PE5.GPIOParameters=GPIO_PuPd
DDR_ZQ.Mode=DDR3
ProjectManager.StackSize=0x400
DDR_DQ11.Mode=DDR3
DDR_A4.Signal=DDR_A4
RCC.VCOInput3Freq_Value=2000000
DDR_DQ12.Signal=DDR_DQ12
DDR_A8.Signal=DDR_A8
Mcu.IP4=DEBUG
VP_IWDG2_VS_IWDG.Mode=IWDG_Activate
Mcu.IP5=DSIHOST
VP_MDMA_VS_MDMA_A7NS_8.Mode=8\:8
Mcu.IP2=CRYP1
RCC.SDMMC3Freq_Value=64000000
DDR_A0.Signal=DDR_A0
Mcu.IP3=DDR
PB4.GPIOParameters=GPIO_PuPd
Mcu.IP0=BSEC
PA12.Locked=true
Mcu.IP1=CRC1
PA12.Signal=I2C6_SDA
Mcu.UserConstants=
PE5.GPIO_PuPd=GPIO_PULLUP
RCC.DIVP3Freq_Value=25000000
DDR.addrmap_row_b1=6
Mcu.ThirdPartyNb=0
DDR.t_cksrx=5
GIC.PMUIRQ0_IRQn=true\:false\:High level
Mcu.IPNb=37
DDR.addrmap_row_b0=6
DDR.TEMPERATURE_OVER_85C=false
ProjectManager.PreviousToolchain=
DDR.t_cksre=5
GIC.RTC_WKUP_ALARM_IRQn=true\:false\:High level
RCC.SPDIFRXFreq_Value=100000000
DDR_DQS0N.Mode=DDR3
DDR.write_latency=5
RCC.AHB1234Freq_Value=64000000
PA8.GPIOParameters=GPIO_PuPd
Mcu.Pin6=JTDI
Mcu.Pin7=PB9
Mcu.Pin8=PC7
Mcu.Pin9=PB15
JTDO-TRACESWO.Signal=DEBUG_JTDO-SWO
DDR.trrd=4
PH0-OSC_IN.Mode=HSE-DIG-External-Clock-Source
Mcu.Pin0=PG6
Mcu.Pin1=PB3
TIM3.Channel-PWM\ Generation1\ CH1=TIM_CHANNEL_1
DSIHOST_D1N.Mode=DSIHost_Video
Mcu.Pin2=PA8
Mcu.Pin3=DSIHOST_CKN
Mcu.Pin4=DSIHOST_D1N
Mcu.Pin5=JTDO-TRACESWO
DDR.t_rrd=4
VP_DDR_DDR_16_bits.Signal=DDR_DDR_16_bits
RCC.DIVR3Freq_Value=25000000
RCC.HSE_VALUE=24000000
NVIC.DebugMonitor_IRQn=true\:1\:0\:false\:false\:true\:false\:false
Mcu.IP10=GPU
Mcu.IP12=HSEM
NVIC.SysTick_IRQn=true\:1\:0\:false\:false\:true\:false\:true
Mcu.IP11=HASH1
DDR.MR0.CL=2
DDR_DQ7.Signal=DDR_DQ7
DDR_DQ4.Signal=DDR_DQ4
Mcu.IP18=LTDC
Mcu.IP17=LPTIM2
Mcu.IP19=NVIC
RCC.MCUClockFreq_Value=64000000
PB3.GPIO_PuPd=GPIO_PULLUP
Mcu.IP14=I2C6
RCC.DIVP1Freq_Value=50000000
PB4.Mode=mmc_8_bits_Wide_bus
Mcu.IP13=I2C4
DDR_A12.Signal=DDR_A12
Mcu.IP16=IWDG2
Mcu.IP15=IPCC
PC14-OSC32_IN.Mode=LSE-External-Oscillator
NJTRST.Mode=JTAG_5_pins
RCC.Hclk5DIVFreq_Value=64000000
DDR_CSN.Mode=DDR3
PE8.Locked=true
DSIHOST_D1P.Signal=DSIHOST_D1P
PB5.Mode=Asynchronous
File.Version=6
PE3.GPIOParameters=GPIO_PuPd
VP_BSEC_VS_BSEC.Signal=BSEC_VS_BSEC
DDR.dfi_tphy_wrlat=4
USB_DM1.Signal=USBH_HS1_DM
PB3.GPIOParameters=GPIO_PuPd
RCC.USART24Freq_Value=64000000
SH.S_TIM2_CH1.ConfNb=1
VP_HASH1_VS_HASH.Signal=HASH1_VS_HASH
Mcu.IP21=PWR
PB8.Locked=true
Mcu.IP20=OPENAMP
Mcu.IP23=RNG1
DDR_A8.Mode=DDR3
PG13.Mode=RMII (Reduced MII)
Mcu.IP22=RCC
TIM2.Channel-PWM\ Generation1\ CH1=TIM_CHANNEL_1
RCC.USBPHYCLKSource=RCC_USBPHYCLKSOURCE_HSE
SH.S_TIM3_CH1.0=TIM3_CH1,PWM Generation1 CH1
Mcu.IP29=TIM3
DDR_CKE.Mode=DDR3
Mcu.IP28=TIM2
Mcu.IP25=SDMMC2
DDR_RESETN.Signal=DDR_RESETN
USB_DP1.Signal=USBH_HS1_DP
Mcu.IP24=RTC
Mcu.IP27=TAMP
Mcu.IP26=SYS
JTCK-SWCLK.Mode=JTAG_5_pins
RCC.ETHFreq_Value=100000000
ProjectManager.ProjectName=v510-dsi-emmc
VP_CRC1_VS_CRC.Mode=CRC_Activate
RCC.APB3Freq_Value=64000000
DDR.wr2pre=15
DDR_A13.Mode=4Gb_16bits
DDR.read_latency=6
PA6.Signal=S_TIM3_CH1
RCC.DDRPERFMFreq_Value=533000000
Mcu.IP32=UART4
Mcu.IP31=TIM13
DDR.t_ckesr=4
Mcu.IP34=UART7
PB15.GPIO_PuPd=GPIO_PULLUP
Mcu.IP33=UART5
DDR_DQS0P.Signal=DDR_DQS0P
VP_TAMP_VS_TAMP_Activate.Signal=TAMP_VS_TAMP_Activate
DDR.t_rfc_nom_x1_x32=97
Mcu.IP30=TIM4
ProjectManager.ToolChainLocation=
DDR_A12.Mode=4Gb_16bits
RCC.LSI_VALUE=32000
VP_RNG1_VS_RNG.Signal=RNG1_VS_RNG
Mcu.IP36=USB_OTG_HS
RCC.DSIFreq_Value=63000000
Mcu.IP35=USBH_HS1
RCC.DIVQ4Freq_Value=80000000
PF8.Signal=S_TIM13_CH1
RCC.DIVR1Freq_Value=25000000
JTDI.Signal=DEBUG_JTDI
DDR_DQ5.Mode=DDR3
Mcu.Pin95=PB8
Mcu.Pin96=USB_DM2
NVIC.IPCC_TX1_IRQn=true\:1\:0\:false\:false\:true\:true\:true
Mcu.Pin93=PA7
GIC.LTDC_ER_IRQn=true\:false\:High level
RCC.DDRCFreq_Value=533000000
Mcu.Pin94=PG8
VP_OPENAMP_VS_OPENAMP.Mode=OpenAmp_Activated
Mcu.Pin99=PA2
ProjectManager.DeviceTreeLocation=/home/npal/STMicroelectronics/workspace_1_6_1/v510-dsi-emmc/CA7/DeviceTree/
JTMS-SWDIO.Signal=DEBUG_JTMS-SWDIO
Mcu.Pin97=USB_DM1
Mcu.Pin98=PA12
DSIHOST_CKN.Signal=DSIHOST_CKN
Mcu.Pin91=PA0
Mcu.Pin92=PC5
GIC.IPCC_TX0_IRQn=true\:false\:High level
Mcu.Pin90=PB11
PC5.Signal=ETH1_RXD1
RCC.MCUDIVCLKFreq_Value=64000000
PE7.Signal=UART7_RX
DDR_DQ12.Mode=DDR3
VP_TAMP_VS_TAMP_Activate.Mode=TAMP_Enabled
DDR_CKE.Signal=DDR_CKE
RCC.MPUCLKFreq_VALUE=64000000
DDR_BA0.Signal=DDR_BA0
PE3.Mode=mmc_8_bits_Wide_bus
DSIHOST_D0P.Mode=DSIHost_Video
RCC.Tim2OutputFreq_Value=64000000
PZ5.Locked=true
Mcu.Pin84=PG14
Mcu.Pin85=PG13
PB4.Signal=SDMMC2_D3
Mcu.Pin82=DDR_A8
Mcu.Pin83=DDR_DQ15
Mcu.Pin88=PE7
Mcu.Pin89=PA11
Mcu.Pin86=PA1
Mcu.Pin87=PC1
VP_RTC_VS_RTC_Activate.Signal=RTC_VS_RTC_Activate
DDR.tdinit1=108
DDR.tdinit0=200000
GIC.I2C6_ER_IRQn=true\:false\:High level
DDR.tdinit2=80000
PC15-OSC32_OUT.Mode=LSE-External-Oscillator
DDR.tcke=4
RCC.I2C35Freq_Value=64000000
DDR_ATO.Signal=DDR_ATO
GIC.WAKEUP_PIN_IRQn=true\:false\:High level
SH.S_TIM2_CH1.0=TIM2_CH1,PWM Generation1 CH1
PA7.Mode=RMII (Reduced MII)
JTDI.Mode=JTAG_5_pins
ProjectManager.NoMain=false
DDR_CLKP.Signal=DDR_CLKP
DDR_DQ2.Mode=DDR3
DDR_A2.Mode=DDR3
RCC.PUBLFreq_Value=533000000
RCC.USBOHSFreq_Value=400000000
DDR_DTO0.Signal=DDR_DTO0
PC4.Signal=ETH1_RXD0
VP_IPCC_VS_IPCC.Signal=IPCC_VS_IPCC
ProjectManager.DefaultFWLocation=true
DDR.addrmap_bank_b1=7
VP_HSEM_VS_HSEM.Signal=HSEM_VS_HSEM
DDR.addrmap_bank_b2=7
VP_CRC1_VS_CRC.Signal=CRC1_VS_CRC
DDR.addrmap_bank_b0=7
DDR_A10.Mode=DDR3
VP_DDR_DDR3.Mode=DDR3
ProjectManager.DeletePrevious=true
PZ5.Signal=I2C4_SDA
DDR_DQ14.Mode=DDR3
GIC.PMUIRQ1_IRQn=true\:false\:High level
DDR.MR0.WR=2
DDR_RASN.Mode=DDR3
DDR_DQ13.Signal=DDR_DQ13
VP_DDR_DDR3_16_4Gb.Signal=DDR_DDR3_16_4Gb
DDR_DQ4.Mode=DDR3
DDR_DQ15.Signal=DDR_DQ15
PinOutPanel.CurrentBGAView=Top
RCC.FamilyName=M
DDR_DQ0.Mode=DDR3
PB9.GPIOParameters=GPIO_PuPd
PD12.Locked=true
RCC.DSITXEscFreq_Value=15750000
RCC.SPI6Freq_Value=64000000
NVIC.RCC_WAKEUP_IRQn=true\:0\:0\:false\:false\:true\:false\:true
DDR.tREFI=7.8
DDR_VREF.Mode=DDR3
DDR_A9.Mode=DDR3
RCC.SPI45Freq_Value=64000000
RCC.VCO4OutputFreq_Value=400000000
ProjectManager.TargetToolchain=STM32CubeIDE
RCC.VCO1OutputFreq_Value=100000000
SH.S_TIM13_CH1.ConfNb=1
SH.S_TIM4_CH3.0=TIM4_CH3,PWM Generation3 CH3
PB9.Mode=mmc_8_bits_Wide_bus
DDR_DQM0.Signal=DDR_DQM0
JTCK-SWCLK.Signal=DEBUG_JTCK-SWCLK
ProjectManager.RegisterCallBack=
CortexA7S.IPs=BSEC\:I,DDR,ETZPC\:I,GIC\:I,HSEM\:I,PWR\:I,RCC,RNG1\:I,RTC\:I,TAMP\:I,I2C4,I2C6,IWDG2,MDMA_A7S\:I
PC15-OSC32_OUT.Signal=RCC_OSC32_OUT
DDR_BA2.Signal=DDR_BA2
PZ4.Mode=I2C
PA1.Signal=ETH1_REF_CLK
RCC.I2C46Freq_Value=64000000
SH.S_TIM4_CH3.ConfNb=1
DSIHOST_CKP.Signal=DSIHOST_CKP
PG14.Signal=ETH1_TXD1
DDR.twtr=6
board=custom
DDR.t_faw=20
DDR.addrmap_row_b13=6
DDR.addrmap_row_b12=6
DDR.addrmap_row_b11=6
PB15.Mode=mmc_8_bits_Wide_bus
DDR_DQ9.Mode=DDR3
DDR_DQ2.Signal=DDR_DQ2
DDR_DQ3.Signal=DDR_DQ3
RCC.VCOInput1Freq_Value=2000000
RCC.APB2Freq_Value=64000000
MxCube.Version=6.2.1
DDR_A13.Signal=DDR_A13
RCC.FDCANFreq_Value=24000000
RCC.PLLDSINDIV=21
DDR_BA2.Mode=DDR3
DDR.SCHED=0x00000C01
PE5.Mode=mmc_8_bits_Wide_bus
VP_GPU_VS_GPU.Mode=GPU_Activate
DDR.txs=512
RCC.ADCFreq_Value=400000000
VP_SYS_VS_Systick.Mode=SysTick
DDR.txp=10
VP_ETZPC_VS_ETZPC.Mode=ETZPC_Activate
RCC.DIVR4Freq_Value=400000000
USB_DM2.Signal=USB_OTG_HS_DM
DDR.addrmap_row_b15=15
RCC.MCUCLKFreq_VALUE=64000000
DDR.addrmap_row_b14=6
RCC.CSI_VALUE=4000000
PE5.Locked=true
VP_DDR_DDR_16_bits.Mode=16bits
RCC.LPTIM45Freq_Value=64000000
PB15.GPIOParameters=GPIO_PuPd
RCC.IPParameters=ADCFreq_Value,AHB1234Freq_Value,APB1Freq_Value,APB2Freq_Value,APB3Freq_Value,APB4Freq_Value,APB5DIVClockFreq_Value,AXICLKFreq_VALUE,AXIDIVFreq_Value,CECCLockSelection,CECFreq_Value,CKPERCLKFreq_VALUE,CSI_VALUE,CortexFreq_Value,DACCLKFreq_VALUE,DDRCFreq_Value,DDRPERFMFreq_Value,DDRPHYFreq_Value,DFSDFAFreq_Value,DFSDMFreq_Value,DIVM2,DIVM4,DIVN2,DIVP1Freq_Value,DIVP2Freq_Value,DIVP3Freq_Value,DIVP4,DIVP4Freq_Value,DIVQ1Freq_Value,DIVQ2,DIVQ2Freq_Value,DIVQ3Freq_Value,DIVQ4,DIVQ4Freq_Value,DIVR1Freq_Value,DIVR2,DIVR2Freq_Value,DIVR3Freq_Value,DIVR4,DIVR4Freq_Value,DSIFreq_Value,DSIPixelFreq_Value,DSITXEscFreq_Value,DSI_VALUE,ETHFreq_Value,FDCANFreq_Value,FMCFreq_Value,FamilyName,HSE_VALUE,HSIDivClkFreq_Value,HSI_VALUE,Hclk5DIVFreq_Value,Hclk6DIVFreq_Value,I2C12Freq_Value,I2C35Freq_Value,I2C46Freq_Value,LPTIM1Freq_Value,LPTIM23Freq_Value,LPTIM45Freq_Value,LSI_VALUE,LTDCFreq_Value,MCO1PinFreq_Value,MCO2PinFreq_Value,MCUCLKFreq_VALUE,MCUClockFreq_Value,MCUDIVCLKFreq_Value,MPUCLKFreq_VALUE,PLL2FRACV,PLL4FRACV,PLL4PDSIFreq_Value,PLLDSIFreq_Value,PLLDSINDIV,PLLDSIVCOFreq_Value,PUBLFreq_Value,QSPIFreq_Value,RNG1Freq_Value,RNG2Freq_Value,RTCFreq_Value,SAI1Freq_Value,SAI2Freq_Value,SAI3Freq_Value,SAI4Freq_Value,SDMMC12Freq_Value,SDMMC3Freq_Value,SPDIFRXFreq_Value,SPI1Freq_Value,SPI23Freq_Value,SPI45Freq_Value,SPI6Freq_Value,STGENFreq_Value,Tim1OutputFreq_Value,Tim2OutputFreq_Value,UART78Freq_Value,USART1Freq_Value,USART24Freq_Value,USART35Freq_Value,USART6Freq_Value,USBOHSFreq_Value,USBPHYCLKSource,USBPHYFreq_Value,VCO1OutputFreq_Value,VCO2OutputFreq_Value,VCO3OutputFreq_Value,VCO4OutputFreq_Value,VCOInput1Freq_Value,VCOInput2Freq_Value,VCOInput3Freq_Value,VCOInput4Freq_Value
ProjectManager.AskForMigrate=true
Mcu.Name=STM32MP157CACx
VP_IPCC_VS_IPCC.Mode=IPCC_Activate
DDR_A14.Signal=DDR_A14
DSIHOST_CKN.Mode=DSIHost_Video
PA2.Signal=ETH1_MDIO
RCC.DFSDFAFreq_Value=80000000
Mcu.IP8=ETZPC
Mcu.IP9=GIC
Mcu.IP6=DTS
Mcu.IP7=ETH1
ProjectManager.CoupleFile=false
DDR_DQ8.Signal=DDR_DQ8
PB3.Signal=SDMMC2_D2
DDR_WEN.Signal=DDR_WEN
PE7.Mode=Asynchronous
DDR_DQ7.Mode=DDR3
PA12.Mode=I2C
DDR_A5.Signal=DDR_A5
KeepUserPlacement=false
USB_OTG_HS.VirtualMode=Ext_Phy_Host
PB2.Mode=Asynchronous
DDR_A4.Mode=DDR3
DSIHOST_D0N.Signal=DSIHOST_D0N
RCC.Hclk6DIVFreq_Value=64000000
VP_CRYP1_VS_CRYP.Signal=CRYP1_VS_CRYP
PD11.Mode=Encoder_mode_occur1
VP_LTDC_DSIMode.Mode=RGB888
RCC.HSI_VALUE=64000000
PA8.GPIO_PuPd=GPIO_PULLUP
RCC.DSIPixelFreq_Value=80000000
RCC.DIVQ1Freq_Value=25000000
PB8.Signal=S_TIM4_CH3
PA2.Mode=RMII (Reduced MII)
USB_DP1.Mode=Enable
VP_GPU_VS_GPU.Signal=GPU_VS_GPU
DDR_DTO1.Signal=DDR_DTO1
VP_DDR_DDR3_16_4Gb.Mode=4Gb_16bits
PC7.Mode=mmc_8_bits_Wide_bus
DDR.IPParameters=DDR_Frequency,RL,addrmap_col_b9,addrmap_col_b10,addrmap_col_b11,addrmap_bank_b0,addrmap_bank_b1,addrmap_bank_b2,addrmap_row_b0,addrmap_row_b1,addrmap_row_b2_10,addrmap_row_b11,addrmap_row_b12,addrmap_row_b13,addrmap_row_b14,addrmap_row_b15,MSTR,SCHED,ADDRMAP1,ADDRMAP3,ADDRMAP5,ADDRMAP6,RELAXED_TIMING_MODE,wr2pre,t_faw,t_ras_max,t_ras_min,t_xp,t_rd2pre,t_rp,t_rc,write_latency,read_latency,wr2rd,t_rcd,t_rrd,t_cksrx,t_cksre,t_ckesr,t_cke,t_xs_dll_x32,t_xs_x32,t_rfc_nom_x1_x32,t_rfc_min,dfi_t_rddata_en,dfi_tphy_wrlat,tdlllock,tdllsrst,tdinit1,tdinit0,tdinit2,tccd,trc,trrd,tras,trcd,trp,twtr,trtp,tmrd,trfc,tmod,tfaw,tdllk,tcke,txp,txs,MR0.WR,MR0.CL,MR2.RTT,MR2.CWL,data_bus_width,TEMPERATURE_OVER_85C,tREFI,DFITMG0
RCC.VCOInput2Freq_Value=16000000
RCC.APB1Freq_Value=64000000
DDR.t_xs_dll_x32=16
GIC.UART4_IRQn=true\:false\:High level
GIC.ETH1_WKUP_IRQn=true\:false\:High level
DDR.trfc=104
ProjectManager.DeviceId=STM32MP157CACx
GIC.CRYP1_IRQn=true\:false\:High level
ProjectManager.LibraryCopy=1
DDR_DQ14.Signal=DDR_DQ14
PA7.Signal=ETH1_CRS_DV
CortexM4.IPs=IPCC,DMA,ETZPC,FREERTOS\:I,HSEM,NVIC\:I,PWR,RCC,SYS\:I,OPENAMP\:I,DMA2\:I
isbadioc=false
